
Microsoft Visual Studio Solution File, Format Version 12.00
# Visual Studio Version 16
VisualStudioVersion = 16.0.31105.61
MinimumVisualStudioVersion = 10.0.40219.1
Project("{FAE04EC0-301F-11D3-BF4B-00C04F79EFBC}") = "POSProject", "POSProject\POSProject.csproj", "{A145C52B-0CA0-49C1-85A8-1F65A0CA7ECB}"
EndProject
Project("{FAE04EC0-301F-11D3-BF4B-00C04F79EFBC}") = "POSProjectTests", "POSProjectTests\POSProjectTests.csproj", "{87F18207-16FE-40CC-9E7F-5A0D8C6FDEA9}"
EndProject
Global
	GlobalSection(SolutionConfigurationPlatforms) = preSolution
		Debug|Any CPU = Debug|Any CPU
		Release|Any CPU = Release|Any CPU
	EndGlobalSection
	GlobalSection(ProjectConfigurationPlatforms) = postSolution
		{A145C52B-0CA0-49C1-85A8-1F65A0CA7ECB}.Debug|Any CPU.ActiveCfg = Debug|Any CPU
		{A145C52B-0CA0-49C1-85A8-1F65A0CA7ECB}.Debug|Any CPU.Build.0 = Debug|Any CPU
		{A145C52B-0CA0-49C1-85A8-1F65A0CA7ECB}.Release|Any CPU.ActiveCfg = Release|Any CPU
		{A145C52B-0CA0-49C1-85A8-1F65A0CA7ECB}.Release|Any CPU.Build.0 = Release|Any CPU
		{87F18207-16FE-40CC-9E7F-5A0D8C6FDEA9}.Debug|Any CPU.ActiveCfg = Debug|Any CPU
		{87F18207-16FE-40CC-9E7F-5A0D8C6FDEA9}.Debug|Any CPU.Build.0 = Debug|Any CPU
		{87F18207-16FE-40CC-9E7F-5A0D8C6FDEA9}.Release|Any CPU.ActiveCfg = Release|Any CPU
		{87F18207-16FE-40CC-9E7F-5A0D8C6FDEA9}.Release|Any CPU.Build.0 = Release|Any CPU
	EndGlobalSection
	GlobalSection(SolutionProperties) = preSolution
		HideSolutionNode = FALSE
	EndGlobalSection
	GlobalSection(ExtensibilityGlobals) = postSolution
		SolutionGuid = {2EC6E624-C33C-443F-8C17-A9381B413A26}
	EndGlobalSection
EndGlobal
